
Microsoft Visual Studio Solution File, Format Version 10.00
# Visual Studio 2008
Project("{FAE04EC0-301F-11D3-BF4B-00C04F79EFBC}") = "FluentNHibernate.Query", "FluentNHibernate.Query\FluentNHibernate.Query.csproj", "{7E820B57-9664-4266-B89B-C7D2642C5C2B}"
EndProject
Global
	GlobalSection(SolutionConfigurationPlatforms) = preSolution
		Debug|Any CPU = Debug|Any CPU
		Release|Any CPU = Release|Any CPU
	EndGlobalSection
	GlobalSection(ProjectConfigurationPlatforms) = postSolution
		{7E820B57-9664-4266-B89B-C7D2642C5C2B}.Debug|Any CPU.ActiveCfg = Debug|Any CPU
		{7E820B57-9664-4266-B89B-C7D2642C5C2B}.Debug|Any CPU.Build.0 = Debug|Any CPU
		{7E820B57-9664-4266-B89B-C7D2642C5C2B}.Release|Any CPU.ActiveCfg = Release|Any CPU
		{7E820B57-9664-4266-B89B-C7D2642C5C2B}.Release|Any CPU.Build.0 = Release|Any CPU
	EndGlobalSection
	GlobalSection(SolutionProperties) = preSolution
		HideSolutionNode = FALSE
	EndGlobalSection
EndGlobal
